
Microsoft Visual Studio Solution File, Format Version 12.00
# Visual Studio 14
VisualStudioVersion = 14.0.23107.0
MinimumVisualStudioVersion = 10.0.40219.1
Project("{8BC9CEB8-8B4A-11D0-8D11-00A0C91BC942}") = "baidu20150419", "baidu20150419\baidu20150419.vcxproj", "{BC019FA0-E090-48BC-9331-AF0E8945C386}"
EndProject
Project("{8BC9CEB8-8B4A-11D0-8D11-00A0C91BC942}") = "lastNum20150913", "lastNum20150913\lastNum20150913.vcxproj", "{CC451138-BDAD-4338-961A-7A0109903422}"
EndProject
Project("{8BC9CEB8-8B4A-11D0-8D11-00A0C91BC942}") = "MaxDiff", "MaxDiff\MaxDiff.vcxproj", "{AA61032E-3D80-4C50-9F3D-FD1C30010B8A}"
EndProject
Project("{8BC9CEB8-8B4A-11D0-8D11-00A0C91BC942}") = "CombineMaxNum", "CombineMaxNum\CombineMaxNum.vcxproj", "{2BF4D3CA-EEE6-4E98-9CED-76205B5FF168}"
EndProject
Project("{8BC9CEB8-8B4A-11D0-8D11-00A0C91BC942}") = "Project1", "Project1\Project1.vcxproj", "{5B8A70F6-651B-4201-B16F-E85392DCB6E4}"
EndProject
Global
	GlobalSection(SolutionConfigurationPlatforms) = preSolution
		Debug|Win32 = Debug|Win32
		Debug|x64 = Debug|x64
		Release|Win32 = Release|Win32
		Release|x64 = Release|x64
	EndGlobalSection
	GlobalSection(ProjectConfigurationPlatforms) = postSolution
		{BC019FA0-E090-48BC-9331-AF0E8945C386}.Debug|Win32.ActiveCfg = Debug|Win32
		{BC019FA0-E090-48BC-9331-AF0E8945C386}.Debug|Win32.Build.0 = Debug|Win32
		{BC019FA0-E090-48BC-9331-AF0E8945C386}.Debug|x64.ActiveCfg = Debug|Win32
		{BC019FA0-E090-48BC-9331-AF0E8945C386}.Release|Win32.ActiveCfg = Release|Win32
		{BC019FA0-E090-48BC-9331-AF0E8945C386}.Release|Win32.Build.0 = Release|Win32
		{BC019FA0-E090-48BC-9331-AF0E8945C386}.Release|x64.ActiveCfg = Release|Win32
		{CC451138-BDAD-4338-961A-7A0109903422}.Debug|Win32.ActiveCfg = Debug|Win32
		{CC451138-BDAD-4338-961A-7A0109903422}.Debug|Win32.Build.0 = Debug|Win32
		{CC451138-BDAD-4338-961A-7A0109903422}.Debug|x64.ActiveCfg = Debug|x64
		{CC451138-BDAD-4338-961A-7A0109903422}.Debug|x64.Build.0 = Debug|x64
		{CC451138-BDAD-4338-961A-7A0109903422}.Release|Win32.ActiveCfg = Release|Win32
		{CC451138-BDAD-4338-961A-7A0109903422}.Release|Win32.Build.0 = Release|Win32
		{CC451138-BDAD-4338-961A-7A0109903422}.Release|x64.ActiveCfg = Release|x64
		{CC451138-BDAD-4338-961A-7A0109903422}.Release|x64.Build.0 = Release|x64
		{AA61032E-3D80-4C50-9F3D-FD1C30010B8A}.Debug|Win32.ActiveCfg = Debug|Win32
		{AA61032E-3D80-4C50-9F3D-FD1C30010B8A}.Debug|Win32.Build.0 = Debug|Win32
		{AA61032E-3D80-4C50-9F3D-FD1C30010B8A}.Debug|x64.ActiveCfg = Debug|x64
		{AA61032E-3D80-4C50-9F3D-FD1C30010B8A}.Debug|x64.Build.0 = Debug|x64
		{AA61032E-3D80-4C50-9F3D-FD1C30010B8A}.Release|Win32.ActiveCfg = Release|Win32
		{AA61032E-3D80-4C50-9F3D-FD1C30010B8A}.Release|Win32.Build.0 = Release|Win32
		{AA61032E-3D80-4C50-9F3D-FD1C30010B8A}.Release|x64.ActiveCfg = Release|x64
		{AA61032E-3D80-4C50-9F3D-FD1C30010B8A}.Release|x64.Build.0 = Release|x64
		{2BF4D3CA-EEE6-4E98-9CED-76205B5FF168}.Debug|Win32.ActiveCfg = Debug|Win32
		{2BF4D3CA-EEE6-4E98-9CED-76205B5FF168}.Debug|Win32.Build.0 = Debug|Win32
		{2BF4D3CA-EEE6-4E98-9CED-76205B5FF168}.Debug|x64.ActiveCfg = Debug|x64
		{2BF4D3CA-EEE6-4E98-9CED-76205B5FF168}.Debug|x64.Build.0 = Debug|x64
		{2BF4D3CA-EEE6-4E98-9CED-76205B5FF168}.Release|Win32.ActiveCfg = Release|Win32
		{2BF4D3CA-EEE6-4E98-9CED-76205B5FF168}.Release|Win32.Build.0 = Release|Win32
		{2BF4D3CA-EEE6-4E98-9CED-76205B5FF168}.Release|x64.ActiveCfg = Release|x64
		{2BF4D3CA-EEE6-4E98-9CED-76205B5FF168}.Release|x64.Build.0 = Release|x64
		{5B8A70F6-651B-4201-B16F-E85392DCB6E4}.Debug|Win32.ActiveCfg = Debug|Win32
		{5B8A70F6-651B-4201-B16F-E85392DCB6E4}.Debug|Win32.Build.0 = Debug|Win32
		{5B8A70F6-651B-4201-B16F-E85392DCB6E4}.Debug|x64.ActiveCfg = Debug|x64
		{5B8A70F6-651B-4201-B16F-E85392DCB6E4}.Debug|x64.Build.0 = Debug|x64
		{5B8A70F6-651B-4201-B16F-E85392DCB6E4}.Release|Win32.ActiveCfg = Release|Win32
		{5B8A70F6-651B-4201-B16F-E85392DCB6E4}.Release|Win32.Build.0 = Release|Win32
		{5B8A70F6-651B-4201-B16F-E85392DCB6E4}.Release|x64.ActiveCfg = Release|x64
		{5B8A70F6-651B-4201-B16F-E85392DCB6E4}.Release|x64.Build.0 = Release|x64
	EndGlobalSection
	GlobalSection(SolutionProperties) = preSolution
		HideSolutionNode = FALSE
	EndGlobalSection
EndGlobal
